
Microsoft Visual Studio Solution File, Format Version 12.00
# Visual Studio Version 16
VisualStudioVersion = 16.0.33529.622
MinimumVisualStudioVersion = 10.0.40219.1
Project("{FAE04EC0-301F-11D3-BF4B-00C04F79EFBC}") = "Student_Management_System", "Student_Management_System.csproj", "{23592049-F7AC-4E60-9B20-FA5D25D3EBB2}"
EndProject
Global
	GlobalSection(SolutionConfigurationPlatforms) = preSolution
		Debug|Any CPU = Debug|Any CPU
		Release|Any CPU = Release|Any CPU
	EndGlobalSection
	GlobalSection(ProjectConfigurationPlatforms) = postSolution
		{23592049-F7AC-4E60-9B20-FA5D25D3EBB2}.Debug|Any CPU.ActiveCfg = Debug|Any CPU
		{23592049-F7AC-4E60-9B20-FA5D25D3EBB2}.Debug|Any CPU.Build.0 = Debug|Any CPU
		{23592049-F7AC-4E60-9B20-FA5D25D3EBB2}.Release|Any CPU.ActiveCfg = Release|Any CPU
		{23592049-F7AC-4E60-9B20-FA5D25D3EBB2}.Release|Any CPU.Build.0 = Release|Any CPU
	EndGlobalSection
	GlobalSection(SolutionProperties) = preSolution
		HideSolutionNode = FALSE
	EndGlobalSection
	GlobalSection(ExtensibilityGlobals) = postSolution
		SolutionGuid = {AA2E45EE-99EC-4FEB-A865-D2E680E4577E}
	EndGlobalSection
EndGlobal
